// !$*UTF8*$!
{
	archiveVersion = 1;
	classes = {
	};
	objectVersion = 56;
	objects = {

/* Begin PBXBuildFile section */
		922389FB2B9A92A600A7481D /* AppDelegate.swift in Sources */ = {isa = PBXBuildFile; fileRef = 922389FA2B9A92A600A7481D /* AppDelegate.swift */; };
		922389FD2B9A92A600A7481D /* SceneDelegate.swift in Sources */ = {isa = PBXBuildFile; fileRef = 922389FC2B9A92A600A7481D /* SceneDelegate.swift */; };
		922389FF2B9A92A600A7481D /* ViewController.swift in Sources */ = {isa = PBXBuildFile; fileRef = 922389FE2B9A92A600A7481D /* ViewController.swift */; };
		92238A022B9A92A600A7481D /* Main.storyboard in Resources */ = {isa = PBXBuildFile; fileRef = 92238A002B9A92A600A7481D /* Main.storyboard */; };
		92238A042B9A92A700A7481D /* Assets.xcassets in Resources */ = {isa = PBXBuildFile; fileRef = 92238A032B9A92A700A7481D /* Assets.xcassets */; };
		92238A072B9A92A700A7481D /* LaunchScreen.storyboard in Resources */ = {isa = PBXBuildFile; fileRef = 92238A052B9A92A700A7481D /* LaunchScreen.storyboard */; };
		92238A122B9A92A700A7481D /* BootcampTests.swift in Sources */ = {isa = PBXBuildFile; fileRef = 92238A112B9A92A700A7481D /* BootcampTests.swift */; };
		92238A1C2B9A92A700A7481D /* BootcampUITests.swift in Sources */ = {isa = PBXBuildFile; fileRef = 92238A1B2B9A92A700A7481D /* BootcampUITests.swift */; };
		92238A1E2B9A92A700A7481D /* BootcampUITestsLaunchTests.swift in Sources */ = {isa = PBXBuildFile; fileRef = 92238A1D2B9A92A700A7481D /* BootcampUITestsLaunchTests.swift */; };
/* End PBXBuildFile section */

/* Begin PBXContainerItemProxy section */
		92238A0E2B9A92A700A7481D /* PBXContainerItemProxy */ = {
			isa = PBXContainerItemProxy;
			containerPortal = 922389EF2B9A92A600A7481D /* Project object */;
			proxyType = 1;
			remoteGlobalIDString = 922389F62B9A92A600A7481D;
			remoteInfo = Bootcamp;
		};
		92238A182B9A92A700A7481D /* PBXContainerItemProxy */ = {
			isa = PBXContainerItemProxy;
			containerPortal = 922389EF2B9A92A600A7481D /* Project object */;
			proxyType = 1;
			remoteGlobalIDString = 922389F62B9A92A600A7481D;
			remoteInfo = Bootcamp;
		};
/* End PBXContainerItemProxy section */

/* Begin PBXFileReference section */
		922389F72B9A92A600A7481D /* Bootcamp.app */ = {isa = PBXFileReference; explicitFileType = wrapper.application; includeInIndex = 0; path = Bootcamp.app; sourceTree = BUILT_PRODUCTS_DIR; };
		922389FA2B9A92A600A7481D /* AppDelegate.swift */ = {isa = PBXFileReference; lastKnownFileType = sourcecode.swift; path = AppDelegate.swift; sourceTree = "<group>"; };
		922389FC2B9A92A600A7481D /* SceneDelegate.swift */ = {isa = PBXFileReference; lastKnownFileType = sourcecode.swift; path = SceneDelegate.swift; sourceTree = "<group>"; };
		922389FE2B9A92A600A7481D /* ViewController.swift */ = {isa = PBXFileReference; lastKnownFileType = sourcecode.swift; path = ViewController.swift; sourceTree = "<group>"; };
		92238A012B9A92A600A7481D /* Base */ = {isa = PBXFileReference; lastKnownFileType = file.storyboard; name = Base; path = Base.lproj/Main.storyboard; sourceTree = "<group>"; };
		92238A032B9A92A700A7481D /* Assets.xcassets */ = {isa = PBXFileReference; lastKnownFileType = folder.assetcatalog; path = Assets.xcassets; sourceTree = "<group>"; };
		92238A062B9A92A700A7481D /* Base */ = {isa = PBXFileReference; lastKnownFileType = file.storyboard; name = Base; path = Base.lproj/LaunchScreen.storyboard; sourceTree = "<group>"; };
		92238A082B9A92A700A7481D /* Info.plist */ = {isa = PBXFileReference; lastKnownFileType = text.plist.xml; path = Info.plist; sourceTree = "<group>"; };
		92238A0D2B9A92A700A7481D /* BootcampTests.xctest */ = {isa = PBXFileReference; explicitFileType = wrapper.cfbundle; includeInIndex = 0; path = BootcampTests.xctest; sourceTree = BUILT_PRODUCTS_DIR; };
		92238A112B9A92A700A7481D /* BootcampTests.swift */ = {isa = PBXFileReference; lastKnownFileType = sourcecode.swift; path = BootcampTests.swift; sourceTree = "<group>"; };
		92238A172B9A92A700A7481D /* BootcampUITests.xctest */ = {isa = PBXFileReference; explicitFileType = wrapper.cfbundle; includeInIndex = 0; path = BootcampUITests.xctest; sourceTree = BUILT_PRODUCTS_DIR; };
		92238A1B2B9A92A700A7481D /* BootcampUITests.swift */ = {isa = PBXFileReference; lastKnownFileType = sourcecode.swift; path = BootcampUITests.swift; sourceTree = "<group>"; };
		92238A1D2B9A92A700A7481D /* BootcampUITestsLaunchTests.swift */ = {isa = PBXFileReference; lastKnownFileType = sourcecode.swift; path = BootcampUITestsLaunchTests.swift; sourceTree = "<group>"; };
/* End PBXFileReference section */

/* Begin PBXFrameworksBuildPhase section */
		922389F42B9A92A600A7481D /* Frameworks */ = {
			isa = PBXFrameworksBuildPhase;
			buildActionMask = 2147483647;
			files = (
			);
			runOnlyForDeploymentPostprocessing = 0;
		};
		92238A0A2B9A92A700A7481D /* Frameworks */ = {
			isa = PBXFrameworksBuildPhase;
			buildActionMask = 2147483647;
			files = (
			);
			runOnlyForDeploymentPostprocessing = 0;
		};
		92238A142B9A92A700A7481D /* Frameworks */ = {
			isa = PBXFrameworksBuildPhase;
			buildActionMask = 2147483647;
			files = (
			);
			runOnlyForDeploymentPostprocessing = 0;
		};
/* End PBXFrameworksBuildPhase section */

/* Begin PBXGroup section */
		922389EE2B9A92A600A7481D = {
			isa = PBXGroup;
			children = (
				922389F92B9A92A600A7481D /* Bootcamp */,
				92238A102B9A92A700A7481D /* BootcampTests */,
				92238A1A2B9A92A700A7481D /* BootcampUITests */,
				922389F82B9A92A600A7481D /* Products */,
			);
			sourceTree = "<group>";
		};
		922389F82B9A92A600A7481D /* Products */ = {
			isa = PBXGroup;
			children = (
				922389F72B9A92A600A7481D /* Bootcamp.app */,
				92238A0D2B9A92A700A7481D /* BootcampTests.xctest */,
				92238A172B9A92A700A7481D /* BootcampUITests.xctest */,
			);
			name = Products;
			sourceTree = "<group>";
		};
		922389F92B9A92A600A7481D /* Bootcamp */ = {
			isa = PBXGroup;
			children = (
				922389FA2B9A92A600A7481D /* AppDelegate.swift */,
				922389FC2B9A92A600A7481D /* SceneDelegate.swift */,
				922389FE2B9A92A600A7481D /* ViewController.swift */,
				92238A002B9A92A600A7481D /* Main.storyboard */,
				92238A032B9A92A700A7481D /* Assets.xcassets */,
				92238A052B9A92A700A7481D /* LaunchScreen.storyboard */,
				92238A082B9A92A700A7481D /* Info.plist */,
			);
			path = Bootcamp;
			sourceTree = "<group>";
		};
		92238A102B9A92A700A7481D /* BootcampTests */ = {
			isa = PBXGroup;
			children = (
				92238A112B9A92A700A7481D /* BootcampTests.swift */,
			);
			path = BootcampTests;
			sourceTree = "<group>";
		};
		92238A1A2B9A92A700A7481D /* BootcampUITests */ = {
			isa = PBXGroup;
			children = (
				92238A1B2B9A92A700A7481D /* BootcampUITests.swift */,
				92238A1D2B9A92A700A7481D /* BootcampUITestsLaunchTests.swift */,
			);
			path = BootcampUITests;
			sourceTree = "<group>";
		};
/* End PBXGroup section */

/* Begin PBXNativeTarget section */
		922389F62B9A92A600A7481D /* Bootcamp */ = {
			isa = PBXNativeTarget;
			buildConfigurationList = 92238A212B9A92A700A7481D /* Build configuration list for PBXNativeTarget "Bootcamp" */;
			buildPhases = (
				922389F32B9A92A600A7481D /* Sources */,
				922389F42B9A92A600A7481D /* Frameworks */,
				922389F52B9A92A600A7481D /* Resources */,
			);
			buildRules = (
			);
			dependencies = (
			);
			name = Bootcamp;
			productName = Bootcamp;
			productReference = 922389F72B9A92A600A7481D /* Bootcamp.app */;
			productType = "com.apple.product-type.application";
		};
		92238A0C2B9A92A700A7481D /* BootcampTests */ = {
			isa = PBXNativeTarget;
			buildConfigurationList = 92238A242B9A92A700A7481D /* Build configuration list for PBXNativeTarget "BootcampTests" */;
			buildPhases = (
				92238A092B9A92A700A7481D /* Sources */,
				92238A0A2B9A92A700A7481D /* Frameworks */,
				92238A0B2B9A92A700A7481D /* Resources */,
			);
			buildRules = (
			);
			dependencies = (
				92238A0F2B9A92A700A7481D /* PBXTargetDependency */,
			);
			name = BootcampTests;
			productName = BootcampTests;
			productReference = 92238A0D2B9A92A700A7481D /* BootcampTests.xctest */;
			productType = "com.apple.product-type.bundle.unit-test";
		};
		92238A162B9A92A700A7481D /* BootcampUITests */ = {
			isa = PBXNativeTarget;
			buildConfigurationList = 92238A272B9A92A700A7481D /* Build configuration list for PBXNativeTarget "BootcampUITests" */;
			buildPhases = (
				92238A132B9A92A700A7481D /* Sources */,
				92238A142B9A92A700A7481D /* Frameworks */,
				92238A152B9A92A700A7481D /* Resources */,
			);
			buildRules = (
			);
			dependencies = (
				92238A192B9A92A700A7481D /* PBXTargetDependency */,
			);
			name = BootcampUITests;
			productName = BootcampUITests;
			productReference = 92238A172B9A92A700A7481D /* BootcampUITests.xctest */;
			productType = "com.apple.product-type.bundle.ui-testing";
		};
/* End PBXNativeTarget section */

/* Begin PBXProject section */
		922389EF2B9A92A600A7481D /* Project object */ = {
			isa = PBXProject;
			attributes = {
				BuildIndependentTargetsInParallel = 1;
				LastSwiftUpdateCheck = 1520;
				LastUpgradeCheck = 1520;
				TargetAttributes = {
					922389F62B9A92A600A7481D = {
						CreatedOnToolsVersion = 15.2;
					};
					92238A0C2B9A92A700A7481D = {
						CreatedOnToolsVersion = 15.2;
						TestTargetID = 922389F62B9A92A600A7481D;
					};
					92238A162B9A92A700A7481D = {
						CreatedOnToolsVersion = 15.2;
						TestTargetID = 922389F62B9A92A600A7481D;
					};
				};
			};
			buildConfigurationList = 922389F22B9A92A600A7481D /* Build configuration list for PBXProject "Bootcamp" */;
			compatibilityVersion = "Xcode 14.0";
			developmentRegion = en;
			hasScannedForEncodings = 0;
			knownRegions = (
				en,
				Base,
			);
			mainGroup = 922389EE2B9A92A600A7481D;
			productRefGroup = 922389F82B9A92A600A7481D /* Products */;
			projectDirPath = "";
			projectRoot = "";
			targets = (
				922389F62B9A92A600A7481D /* Bootcamp */,
				92238A0C2B9A92A700A7481D /* BootcampTests */,
				92238A162B9A92A700A7481D /* BootcampUITests */,
			);
		};
/* End PBXProject section */

/* Begin PBXResourcesBuildPhase section */
		922389F52B9A92A600A7481D /* Resources */ = {
			isa = PBXResourcesBuildPhase;
			buildActionMask = 2147483647;
			files = (
				92238A072B9A92A700A7481D /* LaunchScreen.storyboard in Resources */,
				92238A042B9A92A700A7481D /* Assets.xcassets in Resources */,
				92238A022B9A92A600A7481D /* Main.storyboard in Resources */,
			);
			runOnlyForDeploymentPostprocessing = 0;
		};
		92238A0B2B9A92A700A7481D /* Resources */ = {
			isa = PBXResourcesBuildPhase;
			buildActionMask = 2147483647;
			files = (
			);
			runOnlyForDeploymentPostprocessing = 0;
		};
		92238A152B9A92A700A7481D /* Resources */ = {
			isa = PBXResourcesBuildPhase;
			buildActionMask = 2147483647;
			files = (
			);
			runOnlyForDeploymentPostprocessing = 0;
		};
/* End PBXResourcesBuildPhase section */

/* Begin PBXSourcesBuildPhase section */
		922389F32B9A92A600A7481D /* Sources */ = {
			isa = PBXSourcesBuildPhase;
			buildActionMask = 2147483647;
			files = (
				922389FF2B9A92A600A7481D /* ViewController.swift in Sources */,
				922389FB2B9A92A600A7481D /* AppDelegate.swift in Sources */,
				922389FD2B9A92A600A7481D /* SceneDelegate.swift in Sources */,
			);
			runOnlyForDeploymentPostprocessing = 0;
		};
		92238A092B9A92A700A7481D /* Sources */ = {
			isa = PBXSourcesBuildPhase;
			buildActionMask = 2147483647;
			files = (
				92238A122B9A92A700A7481D /* BootcampTests.swift in Sources */,
			);
			runOnlyForDeploymentPostprocessing = 0;
		};
		92238A132B9A92A700A7481D /* Sources */ = {
			isa = PBXSourcesBuildPhase;
			buildActionMask = 2147483647;
			files = (
				92238A1E2B9A92A700A7481D /* BootcampUITestsLaunchTests.swift in Sources */,
				92238A1C2B9A92A700A7481D /* BootcampUITests.swift in Sources */,
			);
			runOnlyForDeploymentPostprocessing = 0;
		};
/* End PBXSourcesBuildPhase section */

/* Begin PBXTargetDependency section */
		92238A0F2B9A92A700A7481D /* PBXTargetDependency */ = {
			isa = PBXTargetDependency;
			target = 922389F62B9A92A600A7481D /* Bootcamp */;
			targetProxy = 92238A0E2B9A92A700A7481D /* PBXContainerItemProxy */;
		};
		92238A192B9A92A700A7481D /* PBXTargetDependency */ = {
			isa = PBXTargetDependency;
			target = 922389F62B9A92A600A7481D /* Bootcamp */;
			targetProxy = 92238A182B9A92A700A7481D /* PBXContainerItemProxy */;
		};
/* End PBXTargetDependency section */

/* Begin PBXVariantGroup section */
		92238A002B9A92A600A7481D /* Main.storyboard */ = {
			isa = PBXVariantGroup;
			children = (
				92238A012B9A92A600A7481D /* Base */,
			);
			name = Main.storyboard;
			sourceTree = "<group>";
		};
		92238A052B9A92A700A7481D /* LaunchScreen.storyboard */ = {
			isa = PBXVariantGroup;
			children = (
				92238A062B9A92A700A7481D /* Base */,
			);
			name = LaunchScreen.storyboard;
			sourceTree = "<group>";
		};
/* End PBXVariantGroup section */

/* Begin XCBuildConfiguration section */
		92238A1F2B9A92A700A7481D /* Debug */ = {
			isa = XCBuildConfiguration;
			buildSettings = {
				ALWAYS_SEARCH_USER_PATHS = NO;
				ASSETCATALOG_COMPILER_GENERATE_SWIFT_ASSET_SYMBOL_EXTENSIONS = YES;
				CLANG_ANALYZER_NONNULL = YES;
				CLANG_ANALYZER_NUMBER_OBJECT_CONVERSION = YES_AGGRESSIVE;
				CLANG_CXX_LANGUAGE_STANDARD = "gnu++20";
				CLANG_ENABLE_MODULES = YES;
				CLANG_ENABLE_OBJC_ARC = YES;
				CLANG_ENABLE_OBJC_WEAK = YES;
				CLANG_WARN_BLOCK_CAPTURE_AUTORELEASING = YES;
				CLANG_WARN_BOOL_CONVERSION = YES;
				CLANG_WARN_COMMA = YES;
				CLANG_WARN_CONSTANT_CONVERSION = YES;
				CLANG_WARN_DEPRECATED_OBJC_IMPLEMENTATIONS = YES;
				CLANG_WARN_DIRECT_OBJC_ISA_USAGE = YES_ERROR;
				CLANG_WARN_DOCUMENTATION_COMMENTS = YES;
				CLANG_WARN_EMPTY_BODY = YES;
				CLANG_WARN_ENUM_CONVERSION = YES;
				CLANG_WARN_INFINITE_RECURSION = YES;
				CLANG_WARN_INT_CONVERSION = YES;
				CLANG_WARN_NON_LITERAL_NULL_CONVERSION = YES;
				CLANG_WARN_OBJC_IMPLICIT_RETAIN_SELF = YES;
				CLANG_WARN_OBJC_LITERAL_CONVERSION = YES;
				CLANG_WARN_OBJC_ROOT_CLASS = YES_ERROR;
				CLANG_WARN_QUOTED_INCLUDE_IN_FRAMEWORK_HEADER = YES;
				CLANG_WARN_RANGE_LOOP_ANALYSIS = YES;
				CLANG_WARN_STRICT_PROTOTYPES = YES;
				CLANG_WARN_SUSPICIOUS_MOVE = YES;
				CLANG_WARN_UNGUARDED_AVAILABILITY = YES_AGGRESSIVE;
				CLANG_WARN_UNREACHABLE_CODE = YES;
				CLANG_WARN__DUPLICATE_METHOD_MATCH = YES;
				COPY_PHASE_STRIP = NO;
				DEBUG_INFORMATION_FORMAT = dwarf;
				ENABLE_STRICT_OBJC_MSGSEND = YES;
				ENABLE_TESTABILITY = YES;
				ENABLE_USER_SCRIPT_SANDBOXING = YES;
				GCC_C_LANGUAGE_STANDARD = gnu17;
				GCC_DYNAMIC_NO_PIC = NO;
				GCC_NO_COMMON_BLOCKS = YES;
				GCC_OPTIMIZATION_LEVEL = 0;
				GCC_PREPROCESSOR_DEFINITIONS = (
					"DEBUG=1",
					"$(inherited)",
				);
				GCC_WARN_64_TO_32_BIT_CONVERSION = YES;
				GCC_WARN_ABOUT_RETURN_TYPE = YES_ERROR;
				GCC_WARN_UNDECLARED_SELECTOR = YES;
				GCC_WARN_UNINITIALIZED_AUTOS = YES_AGGRESSIVE;
				GCC_WARN_UNUSED_FUNCTION = YES;
				GCC_WARN_UNUSED_VARIABLE = YES;
				IPHONEOS_DEPLOYMENT_TARGET = 17.2;
				LOCALIZATION_PREFERS_STRING_CATALOGS = YES;
				MTL_ENABLE_DEBUG_INFO = INCLUDE_SOURCE;
				MTL_FAST_MATH = YES;
				ONLY_ACTIVE_ARCH = YES;
				SDKROOT = iphoneos;
				SWIFT_ACTIVE_COMPILATION_CONDITIONS = "DEBUG $(inherited)";
				SWIFT_OPTIMIZATION_LEVEL = "-Onone";
			};
			name = Debug;
		};
		92238A202B9A92A700A7481D /* Release */ = {
			isa = XCBuildConfiguration;
			buildSettings = {
				ALWAYS_SEARCH_USER_PATHS = NO;
				ASSETCATALOG_COMPILER_GENERATE_SWIFT_ASSET_SYMBOL_EXTENSIONS = YES;
				CLANG_ANALYZER_NONNULL = YES;
				CLANG_ANALYZER_NUMBER_OBJECT_CONVERSION = YES_AGGRESSIVE;
				CLANG_CXX_LANGUAGE_STANDARD = "gnu++20";
				CLANG_ENABLE_MODULES = YES;
				CLANG_ENABLE_OBJC_ARC = YES;
				CLANG_ENABLE_OBJC_WEAK = YES;
				CLANG_WARN_BLOCK_CAPTURE_AUTORELEASING = YES;
				CLANG_WARN_BOOL_CONVERSION = YES;
				CLANG_WARN_COMMA = YES;
				CLANG_WARN_CONSTANT_CONVERSION = YES;
				CLANG_WARN_DEPRECATED_OBJC_IMPLEMENTATIONS = YES;
				CLANG_WARN_DIRECT_OBJC_ISA_USAGE = YES_ERROR;
				CLANG_WARN_DOCUMENTATION_COMMENTS = YES;
				CLANG_WARN_EMPTY_BODY = YES;
				CLANG_WARN_ENUM_CONVERSION = YES;
				CLANG_WARN_INFINITE_RECURSION = YES;
				CLANG_WARN_INT_CONVERSION = YES;
				CLANG_WARN_NON_LITERAL_NULL_CONVERSION = YES;
				CLANG_WARN_OBJC_IMPLICIT_RETAIN_SELF = YES;
				CLANG_WARN_OBJC_LITERAL_CONVERSION = YES;
				CLANG_WARN_OBJC_ROOT_CLASS = YES_ERROR;
				CLANG_WARN_QUOTED_INCLUDE_IN_FRAMEWORK_HEADER = YES;
				CLANG_WARN_RANGE_LOOP_ANALYSIS = YES;
				CLANG_WARN_STRICT_PROTOTYPES = YES;
				CLANG_WARN_SUSPICIOUS_MOVE = YES;
				CLANG_WARN_UNGUARDED_AVAILABILITY = YES_AGGRESSIVE;
				CLANG_WARN_UNREACHABLE_CODE = YES;
				CLANG_WARN__DUPLICATE_METHOD_MATCH = YES;
				COPY_PHASE_STRIP = NO;
				DEBUG_INFORMATION_FORMAT = "dwarf-with-dsym";
				ENABLE_NS_ASSERTIONS = NO;
				ENABLE_STRICT_OBJC_MSGSEND = YES;
				ENABLE_USER_SCRIPT_SANDBOXING = YES;
				GCC_C_LANGUAGE_STANDARD = gnu17;
				GCC_NO_COMMON_BLOCKS = YES;
				GCC_WARN_64_TO_32_BIT_CONVERSION = YES;
				GCC_WARN_ABOUT_RETURN_TYPE = YES_ERROR;
				GCC_WARN_UNDECLARED_SELECTOR = YES;
				GCC_WARN_UNINITIALIZED_AUTOS = YES_AGGRESSIVE;
				GCC_WARN_UNUSED_FUNCTION = YES;
				GCC_WARN_UNUSED_VARIABLE = YES;
				IPHONEOS_DEPLOYMENT_TARGET = 17.2;
				LOCALIZATION_PREFERS_STRING_CATALOGS = YES;
				MTL_ENABLE_DEBUG_INFO = NO;
				MTL_FAST_MATH = YES;
				SDKROOT = iphoneos;
				SWIFT_COMPILATION_MODE = wholemodule;
				VALIDATE_PRODUCT = YES;
			};
			name = Release;
		};
		92238A222B9A92A700A7481D /* Debug */ = {
			isa = XCBuildConfiguration;
			buildSettings = {
				ASSETCATALOG_COMPILER_APPICON_NAME = AppIcon;
				ASSETCATALOG_COMPILER_GLOBAL_ACCENT_COLOR_NAME = AccentColor;
				CODE_SIGN_STYLE = Automatic;
				CURRENT_PROJECT_VERSION = 1;
				DEVELOPMENT_TEAM = 2C2JQAY773;
				GENERATE_INFOPLIST_FILE = YES;
				INFOPLIST_FILE = Bootcamp/Info.plist;
				INFOPLIST_KEY_UIApplicationSupportsIndirectInputEvents = YES;
				INFOPLIST_KEY_UILaunchStoryboardName = LaunchScreen;
				INFOPLIST_KEY_UIMainStoryboardFile = Main;
				INFOPLIST_KEY_UISupportedInterfaceOrientations_iPad = "UIInterfaceOrientationPortrait UIInterfaceOrientationPortraitUpsideDown UIInterfaceOrientationLandscapeLeft UIInterfaceOrientationLandscapeRight";
				INFOPLIST_KEY_UISupportedInterfaceOrientations_iPhone = "UIInterfaceOrientationPortrait UIInterfaceOrientationLandscapeLeft UIInterfaceOrientationLandscapeRight";
				LD_RUNPATH_SEARCH_PATHS = (
					"$(inherited)",
					"@executable_path/Frameworks",
				);
				MARKETING_VERSION = 1.0;
				PRODUCT_BUNDLE_IDENTIFIER = com.umutYuksel.Bootcamp;
				PRODUCT_NAME = "$(TARGET_NAME)";
				SWIFT_EMIT_LOC_STRINGS = YES;
				SWIFT_VERSION = 5.0;
				TARGETED_DEVICE_FAMILY = "1,2";
			};
			name = Debug;
		};
		92238A232B9A92A700A7481D /* Release */ = {
			isa = XCBuildConfiguration;
			buildSettings = {
				ASSETCATALOG_COMPILER_APPICON_NAME = AppIcon;
				ASSETCATALOG_COMPILER_GLOBAL_ACCENT_COLOR_NAME = AccentColor;
				CODE_SIGN_STYLE = Automatic;
				CURRENT_PROJECT_VERSION = 1;
				DEVELOPMENT_TEAM = 2C2JQAY773;
				GENERATE_INFOPLIST_FILE = YES;
				INFOPLIST_FILE = Bootcamp/Info.plist;
				INFOPLIST_KEY_UIApplicationSupportsIndirectInputEvents = YES;
				INFOPLIST_KEY_UILaunchStoryboardName = LaunchScreen;
				INFOPLIST_KEY_UIMainStoryboardFile = Main;
				INFOPLIST_KEY_UISupportedInterfaceOrientations_iPad = "UIInterfaceOrientationPortrait UIInterfaceOrientationPortraitUpsideDown UIInterfaceOrientationLandscapeLeft UIInterfaceOrientationLandscapeRight";
				INFOPLIST_KEY_UISupportedInterfaceOrientations_iPhone = "UIInterfaceOrientationPortrait UIInterfaceOrientationLandscapeLeft UIInterfaceOrientationLandscapeRight";
				LD_RUNPATH_SEARCH_PATHS = (
					"$(inherited)",
					"@executable_path/Frameworks",
				);
				MARKETING_VERSION = 1.0;
				PRODUCT_BUNDLE_IDENTIFIER = com.umutYuksel.Bootcamp;
				PRODUCT_NAME = "$(TARGET_NAME)";
				SWIFT_EMIT_LOC_STRINGS = YES;
				SWIFT_VERSION = 5.0;
				TARGETED_DEVICE_FAMILY = "1,2";
			};
			name = Release;
		};
		92238A252B9A92A700A7481D /* Debug */ = {
			isa = XCBuildConfiguration;
			buildSettings = {
				ALWAYS_EMBED_SWIFT_STANDARD_LIBRARIES = YES;
				BUNDLE_LOADER = "$(TEST_HOST)";
				CODE_SIGN_STYLE = Automatic;
				CURRENT_PROJECT_VERSION = 1;
				DEVELOPMENT_TEAM = 2C2JQAY773;
				GENERATE_INFOPLIST_FILE = YES;
				IPHONEOS_DEPLOYMENT_TARGET = 17.2;
				MARKETING_VERSION = 1.0;
				PRODUCT_BUNDLE_IDENTIFIER = com.umutYuksel.BootcampTests;
				PRODUCT_NAME = "$(TARGET_NAME)";
				SWIFT_EMIT_LOC_STRINGS = NO;
				SWIFT_VERSION = 5.0;
				TARGETED_DEVICE_FAMILY = "1,2";
				TEST_HOST = "$(BUILT_PRODUCTS_DIR)/Bootcamp.app/$(BUNDLE_EXECUTABLE_FOLDER_PATH)/Bootcamp";
			};
			name = Debug;
		};
		92238A262B9A92A700A7481D /* Release */ = {
			isa = XCBuildConfiguration;
			buildSettings = {
				ALWAYS_EMBED_SWIFT_STANDARD_LIBRARIES = YES;
				BUNDLE_LOADER = "$(TEST_HOST)";
				CODE_SIGN_STYLE = Automatic;
				CURRENT_PROJECT_VERSION = 1;
				DEVELOPMENT_TEAM = 2C2JQAY773;
				GENERATE_INFOPLIST_FILE = YES;
				IPHONEOS_DEPLOYMENT_TARGET = 17.2;
				MARKETING_VERSION = 1.0;
				PRODUCT_BUNDLE_IDENTIFIER = com.umutYuksel.BootcampTests;
				PRODUCT_NAME = "$(TARGET_NAME)";
				SWIFT_EMIT_LOC_STRINGS = NO;
				SWIFT_VERSION = 5.0;
				TARGETED_DEVICE_FAMILY = "1,2";
				TEST_HOST = "$(BUILT_PRODUCTS_DIR)/Bootcamp.app/$(BUNDLE_EXECUTABLE_FOLDER_PATH)/Bootcamp";
			};
			name = Release;
		};
		92238A282B9A92A700A7481D /* Debug */ = {
			isa = XCBuildConfiguration;
			buildSettings = {
				ALWAYS_EMBED_SWIFT_STANDARD_LIBRARIES = YES;
				CODE_SIGN_STYLE = Automatic;
				CURRENT_PROJECT_VERSION = 1;
				DEVELOPMENT_TEAM = 2C2JQAY773;
				GENERATE_INFOPLIST_FILE = YES;
				MARKETING_VERSION = 1.0;
				PRODUCT_BUNDLE_IDENTIFIER = com.umutYuksel.BootcampUITests;
				PRODUCT_NAME = "$(TARGET_NAME)";
				SWIFT_EMIT_LOC_STRINGS = NO;
				SWIFT_VERSION = 5.0;
				TARGETED_DEVICE_FAMILY = "1,2";
				TEST_TARGET_NAME = Bootcamp;
			};
			name = Debug;
		};
		92238A292B9A92A700A7481D /* Release */ = {
			isa = XCBuildConfiguration;
			buildSettings = {
				ALWAYS_EMBED_SWIFT_STANDARD_LIBRARIES = YES;
				CODE_SIGN_STYLE = Automatic;
				CURRENT_PROJECT_VERSION = 1;
				DEVELOPMENT_TEAM = 2C2JQAY773;
				GENERATE_INFOPLIST_FILE = YES;
				MARKETING_VERSION = 1.0;
				PRODUCT_BUNDLE_IDENTIFIER = com.umutYuksel.BootcampUITests;
				PRODUCT_NAME = "$(TARGET_NAME)";
				SWIFT_EMIT_LOC_STRINGS = NO;
				SWIFT_VERSION = 5.0;
				TARGETED_DEVICE_FAMILY = "1,2";
				TEST_TARGET_NAME = Bootcamp;
			};
			name = Release;
		};
/* End XCBuildConfiguration section */

/* Begin XCConfigurationList section */
		922389F22B9A92A600A7481D /* Build configuration list for PBXProject "Bootcamp" */ = {
			isa = XCConfigurationList;
			buildConfigurations = (
				92238A1F2B9A92A700A7481D /* Debug */,
				92238A202B9A92A700A7481D /* Release */,
			);
			defaultConfigurationIsVisible = 0;
			defaultConfigurationName = Release;
		};
		92238A212B9A92A700A7481D /* Build configuration list for PBXNativeTarget "Bootcamp" */ = {
			isa = XCConfigurationList;
			buildConfigurations = (
				92238A222B9A92A700A7481D /* Debug */,
				92238A232B9A92A700A7481D /* Release */,
			);
			defaultConfigurationIsVisible = 0;
			defaultConfigurationName = Release;
		};
		92238A242B9A92A700A7481D /* Build configuration list for PBXNativeTarget "BootcampTests" */ = {
			isa = XCConfigurationList;
			buildConfigurations = (
				92238A252B9A92A700A7481D /* Debug */,
				92238A262B9A92A700A7481D /* Release */,
			);
			defaultConfigurationIsVisible = 0;
			defaultConfigurationName = Release;
		};
		92238A272B9A92A700A7481D /* Build configuration list for PBXNativeTarget "BootcampUITests" */ = {
			isa = XCConfigurationList;
			buildConfigurations = (
				92238A282B9A92A700A7481D /* Debug */,
				92238A292B9A92A700A7481D /* Release */,
			);
			defaultConfigurationIsVisible = 0;
			defaultConfigurationName = Release;
		};
/* End XCConfigurationList section */
	};
	rootObject = 922389EF2B9A92A600A7481D /* Project object */;
}
